
Microsoft Visual Studio Solution File, Format Version 12.00
# Visual Studio 15
VisualStudioVersion = 15.0.28307.852
MinimumVisualStudioVersion = 10.0.40219.1
Project("{FAE04EC0-301F-11D3-BF4B-00C04F79EFBC}") = "Lab_1", "Lab_1\Lab_1.csproj", "{AC448AC6-308A-484E-8B7F-BD5FB8E8451A}"
EndProject
Project("{FAE04EC0-301F-11D3-BF4B-00C04F79EFBC}") = "Graphics.Core", "Graphics.Core\Graphics.Core.csproj", "{530911CE-C187-484C-A537-224AF2377FA1}"
EndProject
Global
	GlobalSection(SolutionConfigurationPlatforms) = preSolution
		Debug|Any CPU = Debug|Any CPU
		Release|Any CPU = Release|Any CPU
	EndGlobalSection
	GlobalSection(ProjectConfigurationPlatforms) = postSolution
		{AC448AC6-308A-484E-8B7F-BD5FB8E8451A}.Debug|Any CPU.ActiveCfg = Debug|Any CPU
		{AC448AC6-308A-484E-8B7F-BD5FB8E8451A}.Debug|Any CPU.Build.0 = Debug|Any CPU
		{AC448AC6-308A-484E-8B7F-BD5FB8E8451A}.Release|Any CPU.ActiveCfg = Release|Any CPU
		{AC448AC6-308A-484E-8B7F-BD5FB8E8451A}.Release|Any CPU.Build.0 = Release|Any CPU
		{530911CE-C187-484C-A537-224AF2377FA1}.Debug|Any CPU.ActiveCfg = Debug|Any CPU
		{530911CE-C187-484C-A537-224AF2377FA1}.Debug|Any CPU.Build.0 = Debug|Any CPU
		{530911CE-C187-484C-A537-224AF2377FA1}.Release|Any CPU.ActiveCfg = Release|Any CPU
		{530911CE-C187-484C-A537-224AF2377FA1}.Release|Any CPU.Build.0 = Release|Any CPU
	EndGlobalSection
	GlobalSection(SolutionProperties) = preSolution
		HideSolutionNode = FALSE
	EndGlobalSection
	GlobalSection(ExtensibilityGlobals) = postSolution
		SolutionGuid = {87C74681-9510-4364-83F2-A2E4D2047D74}
	EndGlobalSection
EndGlobal
